// !$*UTF8*$!
{
	archiveVersion = 1;
	classes = {
	};
	objectVersion = 46;
	objects = {

/* Begin PBXBuildFile section */
		C335D68F17898446006E7148 /* ViewController.m in Sources */ = {isa = PBXBuildFile; fileRef = C335D53E17898445006E7148 /* ViewController.m */; };
		C335D69017898446006E7148 /* AppDelegate.m in Sources */ = {isa = PBXBuildFile; fileRef = C335D54117898445006E7148 /* AppDelegate.m */; };
		C335D69117898446006E7148 /* Drop2-Info.plist in Resources */ = {isa = PBXBuildFile; fileRef = C335D54217898445006E7148 /* Drop2-Info.plist */; };
		C335D71717898446006E7148 /* People.m in Sources */ = {isa = PBXBuildFile; fileRef = C335D68417898446006E7148 /* People.m */; };
		C335D71817898446006E7148 /* Default-568h@2x.png in Resources */ = {isa = PBXBuildFile; fileRef = C335D68617898446006E7148 /* Default-568h@2x.png */; };
		C335D71917898446006E7148 /* Default.png in Resources */ = {isa = PBXBuildFile; fileRef = C335D68717898446006E7148 /* Default.png */; };
		C335D71A17898446006E7148 /* Default@2x.png in Resources */ = {isa = PBXBuildFile; fileRef = C335D68817898446006E7148 /* Default@2x.png */; };
		C335D71B17898446006E7148 /* InfoPlist.strings in Resources */ = {isa = PBXBuildFile; fileRef = C335D68917898446006E7148 /* InfoPlist.strings */; };
		C335D71C17898446006E7148 /* Main.storyboard in Resources */ = {isa = PBXBuildFile; fileRef = C335D68C17898446006E7148 /* Main.storyboard */; };
		C335D71D17898446006E7148 /* main.m in Sources */ = {isa = PBXBuildFile; fileRef = C335D68E17898446006E7148 /* main.m */; };
		C335D76417898833006E7148 /* TICDSSyncChange.xcdatamodel in Sources */ = {isa = PBXBuildFile; fileRef = C335D75A17898833006E7148 /* TICDSSyncChange.xcdatamodel */; };
		C335D76617898833006E7148 /* TICDSSyncChangeSet.xcdatamodeld in Sources */ = {isa = PBXBuildFile; fileRef = C335D75D17898833006E7148 /* TICDSSyncChangeSet.xcdatamodeld */; };
		C335D76717898833006E7148 /* deviceInfo.plist in Resources */ = {isa = PBXBuildFile; fileRef = C335D76017898833006E7148 /* deviceInfo.plist */; };
		C335D76817898833006E7148 /* documentInfo.plist in Resources */ = {isa = PBXBuildFile; fileRef = C335D76117898833006E7148 /* documentInfo.plist */; };
		C335D76917898833006E7148 /* ReadMe.txt in Resources */ = {isa = PBXBuildFile; fileRef = C335D76217898833006E7148 /* ReadMe.txt */; };
		C335D76C178988B8006E7148 /* Drop2.xcdatamodeld in Sources */ = {isa = PBXBuildFile; fileRef = C335D68117898446006E7148 /* Drop2.xcdatamodeld */; };
		C335D76D178988F5006E7148 /* libTICoreDataSync-iOS.a in Frameworks */ = {isa = PBXBuildFile; fileRef = C335D75617898825006E7148 /* libTICoreDataSync-iOS.a */; };
		C393EB7E1783058C00DDA9DD /* UIKit.framework in Frameworks */ = {isa = PBXBuildFile; fileRef = C393EB7D1783058C00DDA9DD /* UIKit.framework */; };
		C393EB801783058C00DDA9DD /* Foundation.framework in Frameworks */ = {isa = PBXBuildFile; fileRef = C393EB7F1783058C00DDA9DD /* Foundation.framework */; };
		C393EB821783058C00DDA9DD /* CoreGraphics.framework in Frameworks */ = {isa = PBXBuildFile; fileRef = C393EB811783058C00DDA9DD /* CoreGraphics.framework */; };
		C393EBC7178306CE00DDA9DD /* CoreData.framework in Frameworks */ = {isa = PBXBuildFile; fileRef = C393EBC6178306CE00DDA9DD /* CoreData.framework */; };
		C393ECF117830BB400DDA9DD /* Security.framework in Frameworks */ = {isa = PBXBuildFile; fileRef = C393ECF017830BB400DDA9DD /* Security.framework */; };
		C393ECF317830BC900DDA9DD /* QuartzCore.framework in Frameworks */ = {isa = PBXBuildFile; fileRef = C393ECF217830BC900DDA9DD /* QuartzCore.framework */; };
		C393ECF517830BDC00DDA9DD /* libz.dylib in Frameworks */ = {isa = PBXBuildFile; fileRef = C393ECF417830BDC00DDA9DD /* libz.dylib */; };
/* End PBXBuildFile section */

/* Begin PBXContainerItemProxy section */
		C335D75517898825006E7148 /* PBXContainerItemProxy */ = {
			isa = PBXContainerItemProxy;
			containerPortal = C335D75117898824006E7148 /* TICoreDataSync-iOS.xcodeproj */;
			proxyType = 2;
			remoteGlobalIDString = 13023C3D161363D50071C497;
			remoteInfo = "TICoreDataSync-iOS";
		};
/* End PBXContainerItemProxy section */

/* Begin PBXFileReference section */
		C335D53B17898445006E7148 /* Config.h */ = {isa = PBXFileReference; fileEncoding = 4; lastKnownFileType = sourcecode.c.h; path = Config.h; sourceTree = "<group>"; };
		C335D53D17898445006E7148 /* ViewController.h */ = {isa = PBXFileReference; fileEncoding = 4; lastKnownFileType = sourcecode.c.h; path = ViewController.h; sourceTree = "<group>"; };
		C335D53E17898445006E7148 /* ViewController.m */ = {isa = PBXFileReference; fileEncoding = 4; lastKnownFileType = sourcecode.c.objc; path = ViewController.m; sourceTree = "<group>"; };
		C335D54017898445006E7148 /* AppDelegate.h */ = {isa = PBXFileReference; fileEncoding = 4; lastKnownFileType = sourcecode.c.h; path = AppDelegate.h; sourceTree = "<group>"; };
		C335D54117898445006E7148 /* AppDelegate.m */ = {isa = PBXFileReference; fileEncoding = 4; lastKnownFileType = sourcecode.c.objc; path = AppDelegate.m; sourceTree = "<group>"; };
		C335D54217898445006E7148 /* Drop2-Info.plist */ = {isa = PBXFileReference; fileEncoding = 4; lastKnownFileType = text.plist.xml; name = "Drop2-Info.plist"; path = "../Drop2-Info.plist"; sourceTree = "<group>"; };
		C335D54317898445006E7148 /* Drop2-Prefix.pch */ = {isa = PBXFileReference; fileEncoding = 4; lastKnownFileType = sourcecode.c.h; name = "Drop2-Prefix.pch"; path = "../Drop2-Prefix.pch"; sourceTree = "<group>"; };
		C335D68217898446006E7148 /* Model.xcdatamodel */ = {isa = PBXFileReference; lastKnownFileType = wrapper.xcdatamodel; path = Model.xcdatamodel; sourceTree = "<group>"; };
		C335D68317898446006E7148 /* People.h */ = {isa = PBXFileReference; fileEncoding = 4; lastKnownFileType = sourcecode.c.h; path = People.h; sourceTree = "<group>"; };
		C335D68417898446006E7148 /* People.m */ = {isa = PBXFileReference; fileEncoding = 4; lastKnownFileType = sourcecode.c.objc; path = People.m; sourceTree = "<group>"; };
		C335D68617898446006E7148 /* Default-568h@2x.png */ = {isa = PBXFileReference; lastKnownFileType = image.png; path = "Default-568h@2x.png"; sourceTree = "<group>"; };
		C335D68717898446006E7148 /* Default.png */ = {isa = PBXFileReference; lastKnownFileType = image.png; path = Default.png; sourceTree = "<group>"; };
		C335D68817898446006E7148 /* Default@2x.png */ = {isa = PBXFileReference; lastKnownFileType = image.png; path = "Default@2x.png"; sourceTree = "<group>"; };
		C335D68A17898446006E7148 /* en */ = {isa = PBXFileReference; lastKnownFileType = text.plist.strings; name = en; path = en.lproj/InfoPlist.strings; sourceTree = "<group>"; };
		C335D68C17898446006E7148 /* Main.storyboard */ = {isa = PBXFileReference; fileEncoding = 4; lastKnownFileType = file.storyboard; path = Main.storyboard; sourceTree = "<group>"; };
		C335D68E17898446006E7148 /* main.m */ = {isa = PBXFileReference; fileEncoding = 4; lastKnownFileType = sourcecode.c.objc; path = main.m; sourceTree = "<group>"; };
		C335D75117898824006E7148 /* TICoreDataSync-iOS.xcodeproj */ = {isa = PBXFileReference; lastKnownFileType = "wrapper.pb-project"; name = "TICoreDataSync-iOS.xcodeproj"; path = "TICoreDataSync/TICoreDataSync-iOS.xcodeproj"; sourceTree = "<group>"; };
		C335D75A17898833006E7148 /* TICDSSyncChange.xcdatamodel */ = {isa = PBXFileReference; lastKnownFileType = wrapper.xcdatamodel; path = TICDSSyncChange.xcdatamodel; sourceTree = "<group>"; };
		C335D75E17898833006E7148 /* TICDSSyncChangeSet.xcdatamodel */ = {isa = PBXFileReference; lastKnownFileType = wrapper.xcdatamodel; path = TICDSSyncChangeSet.xcdatamodel; sourceTree = "<group>"; };
		C335D76017898833006E7148 /* deviceInfo.plist */ = {isa = PBXFileReference; fileEncoding = 4; lastKnownFileType = text.plist.xml; path = deviceInfo.plist; sourceTree = "<group>"; };
		C335D76117898833006E7148 /* documentInfo.plist */ = {isa = PBXFileReference; fileEncoding = 4; lastKnownFileType = text.plist.xml; path = documentInfo.plist; sourceTree = "<group>"; };
		C335D76217898833006E7148 /* ReadMe.txt */ = {isa = PBXFileReference; fileEncoding = 4; lastKnownFileType = text; path = ReadMe.txt; sourceTree = "<group>"; };
		C393EB7A1783058C00DDA9DD /* Drop2.app */ = {isa = PBXFileReference; explicitFileType = wrapper.application; includeInIndex = 0; path = Drop2.app; sourceTree = BUILT_PRODUCTS_DIR; };
		C393EB7D1783058C00DDA9DD /* UIKit.framework */ = {isa = PBXFileReference; lastKnownFileType = wrapper.framework; name = UIKit.framework; path = System/Library/Frameworks/UIKit.framework; sourceTree = SDKROOT; };
		C393EB7F1783058C00DDA9DD /* Foundation.framework */ = {isa = PBXFileReference; lastKnownFileType = wrapper.framework; name = Foundation.framework; path = System/Library/Frameworks/Foundation.framework; sourceTree = SDKROOT; };
		C393EB811783058C00DDA9DD /* CoreGraphics.framework */ = {isa = PBXFileReference; lastKnownFileType = wrapper.framework; name = CoreGraphics.framework; path = System/Library/Frameworks/CoreGraphics.framework; sourceTree = SDKROOT; };
		C393EBC6178306CE00DDA9DD /* CoreData.framework */ = {isa = PBXFileReference; lastKnownFileType = wrapper.framework; name = CoreData.framework; path = System/Library/Frameworks/CoreData.framework; sourceTree = SDKROOT; };
		C393ECF017830BB400DDA9DD /* Security.framework */ = {isa = PBXFileReference; lastKnownFileType = wrapper.framework; name = Security.framework; path = System/Library/Frameworks/Security.framework; sourceTree = SDKROOT; };
		C393ECF217830BC900DDA9DD /* QuartzCore.framework */ = {isa = PBXFileReference; lastKnownFileType = wrapper.framework; name = QuartzCore.framework; path = System/Library/Frameworks/QuartzCore.framework; sourceTree = SDKROOT; };
		C393ECF417830BDC00DDA9DD /* libz.dylib */ = {isa = PBXFileReference; lastKnownFileType = "compiled.mach-o.dylib"; name = libz.dylib; path = usr/lib/libz.dylib; sourceTree = SDKROOT; };
/* End PBXFileReference section */

/* Begin PBXFrameworksBuildPhase section */
		C393EB771783058C00DDA9DD /* Frameworks */ = {
			isa = PBXFrameworksBuildPhase;
			buildActionMask = 2147483647;
			files = (
				C335D76D178988F5006E7148 /* libTICoreDataSync-iOS.a in Frameworks */,
				C393ECF517830BDC00DDA9DD /* libz.dylib in Frameworks */,
				C393ECF317830BC900DDA9DD /* QuartzCore.framework in Frameworks */,
				C393ECF117830BB400DDA9DD /* Security.framework in Frameworks */,
				C393EBC7178306CE00DDA9DD /* CoreData.framework in Frameworks */,
				C393EB7E1783058C00DDA9DD /* UIKit.framework in Frameworks */,
				C393EB801783058C00DDA9DD /* Foundation.framework in Frameworks */,
				C393EB821783058C00DDA9DD /* CoreGraphics.framework in Frameworks */,
			);
			runOnlyForDeploymentPostprocessing = 0;
		};
/* End PBXFrameworksBuildPhase section */

/* Begin PBXGroup section */
		C335D53A17898445006E7148 /* Config */ = {
			isa = PBXGroup;
			children = (
				C335D53B17898445006E7148 /* Config.h */,
			);
			path = Config;
			sourceTree = "<group>";
		};
		C335D53C17898445006E7148 /* Controllers */ = {
			isa = PBXGroup;
			children = (
				C335D53D17898445006E7148 /* ViewController.h */,
				C335D53E17898445006E7148 /* ViewController.m */,
			);
			path = Controllers;
			sourceTree = "<group>";
		};
		C335D53F17898445006E7148 /* Delegate */ = {
			isa = PBXGroup;
			children = (
				C335D54017898445006E7148 /* AppDelegate.h */,
				C335D54117898445006E7148 /* AppDelegate.m */,
			);
			path = Delegate;
			sourceTree = "<group>";
		};
		C335D54417898445006E7148 /* Libs */ = {
			isa = PBXGroup;
			children = (
				C335D75717898833006E7148 /* 03 Internal Data Model */,
				C335D75F17898833006E7148 /* 05 File Structure */,
				C335D75117898824006E7148 /* TICoreDataSync-iOS.xcodeproj */,
			);
			path = Libs;
			sourceTree = "<group>";
		};
		C335D68017898446006E7148 /* Models */ = {
			isa = PBXGroup;
			children = (
				C335D68117898446006E7148 /* Drop2.xcdatamodeld */,
				C335D68317898446006E7148 /* People.h */,
				C335D68417898446006E7148 /* People.m */,
			);
			path = Models;
			sourceTree = "<group>";
		};
		C335D68517898446006E7148 /* Resources */ = {
			isa = PBXGroup;
			children = (
				C335D68617898446006E7148 /* Default-568h@2x.png */,
				C335D68717898446006E7148 /* Default.png */,
				C335D68817898446006E7148 /* Default@2x.png */,
				C335D68917898446006E7148 /* InfoPlist.strings */,
			);
			path = Resources;
			sourceTree = "<group>";
		};
		C335D68B17898446006E7148 /* Storyboards */ = {
			isa = PBXGroup;
			children = (
				C335D68C17898446006E7148 /* Main.storyboard */,
			);
			path = Storyboards;
			sourceTree = "<group>";
		};
		C335D68D17898446006E7148 /* Support */ = {
			isa = PBXGroup;
			children = (
				C335D54217898445006E7148 /* Drop2-Info.plist */,
				C335D54317898445006E7148 /* Drop2-Prefix.pch */,
				C335D68E17898446006E7148 /* main.m */,
			);
			path = Support;
			sourceTree = "<group>";
		};
		C335D75217898824006E7148 /* Products */ = {
			isa = PBXGroup;
			children = (
				C335D75617898825006E7148 /* libTICoreDataSync-iOS.a */,
			);
			name = Products;
			sourceTree = "<group>";
		};
		C335D75717898833006E7148 /* 03 Internal Data Model */ = {
			isa = PBXGroup;
			children = (
				C335D75A17898833006E7148 /* TICDSSyncChange.xcdatamodel */,
				C335D75D17898833006E7148 /* TICDSSyncChangeSet.xcdatamodeld */,
			);
			name = "03 Internal Data Model";
			path = "TICoreDataSync/TICoreDataSync/03 Internal Data Model";
			sourceTree = "<group>";
		};
		C335D75F17898833006E7148 /* 05 File Structure */ = {
			isa = PBXGroup;
			children = (
				C335D76017898833006E7148 /* deviceInfo.plist */,
				C335D76117898833006E7148 /* documentInfo.plist */,
				C335D76217898833006E7148 /* ReadMe.txt */,
			);
			name = "05 File Structure";
			path = "TICoreDataSync/TICoreDataSync/05 File Structure";
			sourceTree = "<group>";
		};
		C393EB711783058C00DDA9DD = {
			isa = PBXGroup;
			children = (
				C393EB831783058C00DDA9DD /* Drop2 */,
				C393EB7C1783058C00DDA9DD /* Frameworks */,
				C393EB7B1783058C00DDA9DD /* Products */,
			);
			sourceTree = "<group>";
		};
		C393EB7B1783058C00DDA9DD /* Products */ = {
			isa = PBXGroup;
			children = (
				C393EB7A1783058C00DDA9DD /* Drop2.app */,
			);
			name = Products;
			sourceTree = "<group>";
		};
		C393EB7C1783058C00DDA9DD /* Frameworks */ = {
			isa = PBXGroup;
			children = (
				C393ECF417830BDC00DDA9DD /* libz.dylib */,
				C393ECF217830BC900DDA9DD /* QuartzCore.framework */,
				C393ECF017830BB400DDA9DD /* Security.framework */,
				C393EBC6178306CE00DDA9DD /* CoreData.framework */,
				C393EB7D1783058C00DDA9DD /* UIKit.framework */,
				C393EB7F1783058C00DDA9DD /* Foundation.framework */,
				C393EB811783058C00DDA9DD /* CoreGraphics.framework */,
			);
			name = Frameworks;
			sourceTree = "<group>";
		};
		C393EB831783058C00DDA9DD /* Drop2 */ = {
			isa = PBXGroup;
			children = (
				C335D53A17898445006E7148 /* Config */,
				C335D53C17898445006E7148 /* Controllers */,
				C335D53F17898445006E7148 /* Delegate */,
				C335D54417898445006E7148 /* Libs */,
				C335D68017898446006E7148 /* Models */,
				C335D68517898446006E7148 /* Resources */,
				C335D68B17898446006E7148 /* Storyboards */,
				C335D68D17898446006E7148 /* Support */,
			);
			path = Drop2;
			sourceTree = "<group>";
		};
/* End PBXGroup section */

/* Begin PBXNativeTarget section */
		C393EB791783058C00DDA9DD /* Drop2 */ = {
			isa = PBXNativeTarget;
			buildConfigurationList = C393EBA01783058C00DDA9DD /* Build configuration list for PBXNativeTarget "Drop2" */;
			buildPhases = (
				C393EB761783058C00DDA9DD /* Sources */,
				C393EB771783058C00DDA9DD /* Frameworks */,
				C393EB781783058C00DDA9DD /* Resources */,
			);
			buildRules = (
			);
			dependencies = (
			);
			name = Drop2;
			productName = Drop2;
			productReference = C393EB7A1783058C00DDA9DD /* Drop2.app */;
			productType = "com.apple.product-type.application";
		};
/* End PBXNativeTarget section */

/* Begin PBXProject section */
		C393EB721783058C00DDA9DD /* Project object */ = {
			isa = PBXProject;
			attributes = {
				LastUpgradeCheck = 0460;
				ORGANIZATIONNAME = "Администратор";
			};
			buildConfigurationList = C393EB751783058C00DDA9DD /* Build configuration list for PBXProject "Drop2" */;
			compatibilityVersion = "Xcode 3.2";
			developmentRegion = English;
			hasScannedForEncodings = 0;
			knownRegions = (
				en,
			);
			mainGroup = C393EB711783058C00DDA9DD;
			productRefGroup = C393EB7B1783058C00DDA9DD /* Products */;
			projectDirPath = "";
			projectReferences = (
				{
					ProductGroup = C335D75217898824006E7148 /* Products */;
					ProjectRef = C335D75117898824006E7148 /* TICoreDataSync-iOS.xcodeproj */;
				},
			);
			projectRoot = "";
			targets = (
				C393EB791783058C00DDA9DD /* Drop2 */,
			);
		};
/* End PBXProject section */

/* Begin PBXReferenceProxy section */
		C335D75617898825006E7148 /* libTICoreDataSync-iOS.a */ = {
			isa = PBXReferenceProxy;
			fileType = archive.ar;
			path = "libTICoreDataSync-iOS.a";
			remoteRef = C335D75517898825006E7148 /* PBXContainerItemProxy */;
			sourceTree = BUILT_PRODUCTS_DIR;
		};
/* End PBXReferenceProxy section */

/* Begin PBXResourcesBuildPhase section */
		C393EB781783058C00DDA9DD /* Resources */ = {
			isa = PBXResourcesBuildPhase;
			buildActionMask = 2147483647;
			files = (
				C335D69117898446006E7148 /* Drop2-Info.plist in Resources */,
				C335D71817898446006E7148 /* Default-568h@2x.png in Resources */,
				C335D71917898446006E7148 /* Default.png in Resources */,
				C335D71A17898446006E7148 /* Default@2x.png in Resources */,
				C335D71B17898446006E7148 /* InfoPlist.strings in Resources */,
				C335D71C17898446006E7148 /* Main.storyboard in Resources */,
				C335D76717898833006E7148 /* deviceInfo.plist in Resources */,
				C335D76817898833006E7148 /* documentInfo.plist in Resources */,
				C335D76917898833006E7148 /* ReadMe.txt in Resources */,
			);
			runOnlyForDeploymentPostprocessing = 0;
		};
/* End PBXResourcesBuildPhase section */

/* Begin PBXSourcesBuildPhase section */
		C393EB761783058C00DDA9DD /* Sources */ = {
			isa = PBXSourcesBuildPhase;
			buildActionMask = 2147483647;
			files = (
				C335D76C178988B8006E7148 /* Drop2.xcdatamodeld in Sources */,
				C335D68F17898446006E7148 /* ViewController.m in Sources */,
				C335D69017898446006E7148 /* AppDelegate.m in Sources */,
				C335D71717898446006E7148 /* People.m in Sources */,
				C335D71D17898446006E7148 /* main.m in Sources */,
				C335D76417898833006E7148 /* TICDSSyncChange.xcdatamodel in Sources */,
				C335D76617898833006E7148 /* TICDSSyncChangeSet.xcdatamodeld in Sources */,
			);
			runOnlyForDeploymentPostprocessing = 0;
		};
/* End PBXSourcesBuildPhase section */

/* Begin PBXVariantGroup section */
		C335D68917898446006E7148 /* InfoPlist.strings */ = {
			isa = PBXVariantGroup;
			children = (
				C335D68A17898446006E7148 /* en */,
			);
			name = InfoPlist.strings;
			sourceTree = "<group>";
		};
/* End PBXVariantGroup section */

/* Begin XCBuildConfiguration section */
		C393EB9E1783058C00DDA9DD /* Debug */ = {
			isa = XCBuildConfiguration;
			buildSettings = {
				ALWAYS_SEARCH_USER_PATHS = NO;
				CLANG_CXX_LANGUAGE_STANDARD = "gnu++0x";
				CLANG_CXX_LIBRARY = "libc++";
				CLANG_ENABLE_OBJC_ARC = YES;
				CLANG_WARN_CONSTANT_CONVERSION = YES;
				CLANG_WARN_EMPTY_BODY = YES;
				CLANG_WARN_ENUM_CONVERSION = YES;
				CLANG_WARN_INT_CONVERSION = YES;
				CLANG_WARN__DUPLICATE_METHOD_MATCH = YES;
				"CODE_SIGN_IDENTITY[sdk=iphoneos*]" = "iPhone Developer";
				COPY_PHASE_STRIP = NO;
				GCC_C_LANGUAGE_STANDARD = gnu99;
				GCC_DYNAMIC_NO_PIC = NO;
				GCC_OPTIMIZATION_LEVEL = 0;
				GCC_PREPROCESSOR_DEFINITIONS = (
					"DEBUG=1",
					"$(inherited)",
				);
				GCC_SYMBOLS_PRIVATE_EXTERN = NO;
				GCC_WARN_ABOUT_RETURN_TYPE = YES;
				GCC_WARN_UNINITIALIZED_AUTOS = YES;
				GCC_WARN_UNUSED_VARIABLE = YES;
				IPHONEOS_DEPLOYMENT_TARGET = 6.1;
				ONLY_ACTIVE_ARCH = YES;
				SDKROOT = iphoneos;
				TARGETED_DEVICE_FAMILY = "1,2";
			};
			name = Debug;
		};
		C393EB9F1783058C00DDA9DD /* Release */ = {
			isa = XCBuildConfiguration;
			buildSettings = {
				ALWAYS_SEARCH_USER_PATHS = NO;
				CLANG_CXX_LANGUAGE_STANDARD = "gnu++0x";
				CLANG_CXX_LIBRARY = "libc++";
				CLANG_ENABLE_OBJC_ARC = YES;
				CLANG_WARN_CONSTANT_CONVERSION = YES;
				CLANG_WARN_EMPTY_BODY = YES;
				CLANG_WARN_ENUM_CONVERSION = YES;
				CLANG_WARN_INT_CONVERSION = YES;
				CLANG_WARN__DUPLICATE_METHOD_MATCH = YES;
				"CODE_SIGN_IDENTITY[sdk=iphoneos*]" = "iPhone Developer";
				COPY_PHASE_STRIP = YES;
				GCC_C_LANGUAGE_STANDARD = gnu99;
				GCC_WARN_ABOUT_RETURN_TYPE = YES;
				GCC_WARN_UNINITIALIZED_AUTOS = YES;
				GCC_WARN_UNUSED_VARIABLE = YES;
				IPHONEOS_DEPLOYMENT_TARGET = 6.1;
				OTHER_CFLAGS = "-DNS_BLOCK_ASSERTIONS=1";
				SDKROOT = iphoneos;
				TARGETED_DEVICE_FAMILY = "1,2";
				VALIDATE_PRODUCT = YES;
			};
			name = Release;
		};
		C393EBA11783058C00DDA9DD /* Debug */ = {
			isa = XCBuildConfiguration;
			buildSettings = {
				GCC_PRECOMPILE_PREFIX_HEADER = YES;
				GCC_PREFIX_HEADER = "Drop2/Drop2-Prefix.pch";
				HEADER_SEARCH_PATHS = "\"$(SRCROOT)/\"/**";
				INFOPLIST_FILE = "Drop2/Drop2-Info.plist";
				IPHONEOS_DEPLOYMENT_TARGET = 5.1;
				OTHER_LDFLAGS = "-ObjC";
				PRODUCT_NAME = "$(TARGET_NAME)";
				WRAPPER_EXTENSION = app;
			};
			name = Debug;
		};
		C393EBA21783058C00DDA9DD /* Release */ = {
			isa = XCBuildConfiguration;
			buildSettings = {
				GCC_PRECOMPILE_PREFIX_HEADER = YES;
				GCC_PREFIX_HEADER = "Drop2/Drop2-Prefix.pch";
				HEADER_SEARCH_PATHS = "\"$(SRCROOT)/\"/**";
				INFOPLIST_FILE = "Drop2/Drop2-Info.plist";
				IPHONEOS_DEPLOYMENT_TARGET = 5.1;
				OTHER_LDFLAGS = "-ObjC";
				PRODUCT_NAME = "$(TARGET_NAME)";
				WRAPPER_EXTENSION = app;
			};
			name = Release;
		};
/* End XCBuildConfiguration section */

/* Begin XCConfigurationList section */
		C393EB751783058C00DDA9DD /* Build configuration list for PBXProject "Drop2" */ = {
			isa = XCConfigurationList;
			buildConfigurations = (
				C393EB9E1783058C00DDA9DD /* Debug */,
				C393EB9F1783058C00DDA9DD /* Release */,
			);
			defaultConfigurationIsVisible = 0;
			defaultConfigurationName = Release;
		};
		C393EBA01783058C00DDA9DD /* Build configuration list for PBXNativeTarget "Drop2" */ = {
			isa = XCConfigurationList;
			buildConfigurations = (
				C393EBA11783058C00DDA9DD /* Debug */,
				C393EBA21783058C00DDA9DD /* Release */,
			);
			defaultConfigurationIsVisible = 0;
			defaultConfigurationName = Release;
		};
/* End XCConfigurationList section */

/* Begin XCVersionGroup section */
		C335D68117898446006E7148 /* Drop2.xcdatamodeld */ = {
			isa = XCVersionGroup;
			children = (
				C335D68217898446006E7148 /* Model.xcdatamodel */,
			);
			currentVersion = C335D68217898446006E7148 /* Model.xcdatamodel */;
			path = Drop2.xcdatamodeld;
			sourceTree = "<group>";
			versionGroupType = wrapper.xcdatamodel;
		};
		C335D75D17898833006E7148 /* TICDSSyncChangeSet.xcdatamodeld */ = {
			isa = XCVersionGroup;
			children = (
				C335D75E17898833006E7148 /* TICDSSyncChangeSet.xcdatamodel */,
			);
			currentVersion = C335D75E17898833006E7148 /* TICDSSyncChangeSet.xcdatamodel */;
			path = TICDSSyncChangeSet.xcdatamodeld;
			sourceTree = "<group>";
			versionGroupType = wrapper.xcdatamodel;
		};
/* End XCVersionGroup section */
	};
	rootObject = C393EB721783058C00DDA9DD /* Project object */;
}
